// !$*UTF8*$!
{
	archiveVersion = 1;
	classes = {
	};
	objectVersion = 46;
	objects = {

/* Begin PBXBuildFile section */
		7835423418E887E500EF6659 /* MBProgressHUD.m in Sources */ = {isa = PBXBuildFile; fileRef = 7835423318E887E500EF6659 /* MBProgressHUD.m */; };
		7835423618EDF3EE00EF6659 /* Security.framework in Frameworks */ = {isa = PBXBuildFile; fileRef = 7835423518EDF3EE00EF6659 /* Security.framework */; };
		7835423918EDF47A00EF6659 /* KeychainItemWrapper.m in Sources */ = {isa = PBXBuildFile; fileRef = 7835423818EDF47A00EF6659 /* KeychainItemWrapper.m */; };
		7835423D18EFFDAC00EF6659 /* TPFloatRatingView.m in Sources */ = {isa = PBXBuildFile; fileRef = 7835423C18EFFDAC00EF6659 /* TPFloatRatingView.m */; };
		7835424418F015F000EF6659 /* star-empty.png in Resources */ = {isa = PBXBuildFile; fileRef = 7835424218F015F000EF6659 /* star-empty.png */; };
		7835424518F015F000EF6659 /* star-full.png in Resources */ = {isa = PBXBuildFile; fileRef = 7835424318F015F000EF6659 /* star-full.png */; };
		783759D0193F5DD5007C0BB9 /* Andada-Regular.ttf in Resources */ = {isa = PBXBuildFile; fileRef = 783759C5193F5DD5007C0BB9 /* Andada-Regular.ttf */; };
		783759D1193F5DD5007C0BB9 /* Alef-bold.ttf in Resources */ = {isa = PBXBuildFile; fileRef = 783759C7193F5DD5007C0BB9 /* Alef-bold.ttf */; };
		783759D2193F5DD5007C0BB9 /* Alef-regular.ttf in Resources */ = {isa = PBXBuildFile; fileRef = 783759C8193F5DD5007C0BB9 /* Alef-regular.ttf */; };
		783759D3193F5DD5007C0BB9 /* hadasimclm-regular-webfont.ttf in Resources */ = {isa = PBXBuildFile; fileRef = 783759C9193F5DD5007C0BB9 /* hadasimclm-regular-webfont.ttf */; };
		783759D4193F5DD5007C0BB9 /* yehudaclm-bold-webfont.ttf in Resources */ = {isa = PBXBuildFile; fileRef = 783759CA193F5DD5007C0BB9 /* yehudaclm-bold-webfont.ttf */; };
		783759D5193F5DD5007C0BB9 /* yehudaclm-light-webfont.ttf in Resources */ = {isa = PBXBuildFile; fileRef = 783759CB193F5DD5007C0BB9 /* yehudaclm-light-webfont.ttf */; };
		783759D6193F5DD5007C0BB9 /* Old-Rubber-Stamp.ttf in Resources */ = {isa = PBXBuildFile; fileRef = 783759CC193F5DD5007C0BB9 /* Old-Rubber-Stamp.ttf */; };
		783759D7193F5DD5007C0BB9 /* Roboto-Light.ttf in Resources */ = {isa = PBXBuildFile; fileRef = 783759CD193F5DD5007C0BB9 /* Roboto-Light.ttf */; };
		783759D8193F5DD5007C0BB9 /* Roboto-Regular.ttf in Resources */ = {isa = PBXBuildFile; fileRef = 783759CE193F5DD5007C0BB9 /* Roboto-Regular.ttf */; };
		783759D9193F5DD5007C0BB9 /* Roboto-Thin.ttf in Resources */ = {isa = PBXBuildFile; fileRef = 783759CF193F5DD5007C0BB9 /* Roboto-Thin.ttf */; };
		783759E1193F6C01007C0BB9 /* Localizable.strings in Resources */ = {isa = PBXBuildFile; fileRef = 783759E3193F6C01007C0BB9 /* Localizable.strings */; };
		783759EC1943213D007C0BB9 /* button_about_eng.png in Resources */ = {isa = PBXBuildFile; fileRef = 783759E61943213D007C0BB9 /* button_about_eng.png */; };
		783759ED1943213D007C0BB9 /* button_about_eng_pressed.png in Resources */ = {isa = PBXBuildFile; fileRef = 783759E71943213D007C0BB9 /* button_about_eng_pressed.png */; };
		783759EE1943213D007C0BB9 /* button_find_quest_eng.png in Resources */ = {isa = PBXBuildFile; fileRef = 783759E81943213D007C0BB9 /* button_find_quest_eng.png */; };
		783759EF1943213D007C0BB9 /* button_find_quest_eng_pressed.png in Resources */ = {isa = PBXBuildFile; fileRef = 783759E91943213D007C0BB9 /* button_find_quest_eng_pressed.png */; };
		783759F01943213D007C0BB9 /* button_my_quests_eng.png in Resources */ = {isa = PBXBuildFile; fileRef = 783759EA1943213D007C0BB9 /* button_my_quests_eng.png */; };
		783759F11943213D007C0BB9 /* button_my_quests_eng_pressed.png in Resources */ = {isa = PBXBuildFile; fileRef = 783759EB1943213D007C0BB9 /* button_my_quests_eng_pressed.png */; };
		783759F91943216B007C0BB9 /* button_about.png in Resources */ = {isa = PBXBuildFile; fileRef = 783759F31943216B007C0BB9 /* button_about.png */; };
		783759FA1943216B007C0BB9 /* button_about_pressed.png in Resources */ = {isa = PBXBuildFile; fileRef = 783759F41943216B007C0BB9 /* button_about_pressed.png */; };
		783759FB1943216B007C0BB9 /* button_find_quest.png in Resources */ = {isa = PBXBuildFile; fileRef = 783759F51943216B007C0BB9 /* button_find_quest.png */; };
		783759FC1943216B007C0BB9 /* button_find_quest_pressed.png in Resources */ = {isa = PBXBuildFile; fileRef = 783759F61943216B007C0BB9 /* button_find_quest_pressed.png */; };
		783759FD1943216B007C0BB9 /* button_my_quests.png in Resources */ = {isa = PBXBuildFile; fileRef = 783759F71943216B007C0BB9 /* button_my_quests.png */; };
		783759FE1943216B007C0BB9 /* button_my_quests_pressed.png in Resources */ = {isa = PBXBuildFile; fileRef = 783759F81943216B007C0BB9 /* button_my_quests_pressed.png */; };
		78375A0319432C95007C0BB9 /* UI-4-1.png in Resources */ = {isa = PBXBuildFile; fileRef = 78375A0219432C95007C0BB9 /* UI-4-1.png */; };
		786B35B218C11F29002DA234 /* QSCQuest.m in Sources */ = {isa = PBXBuildFile; fileRef = 786B35B118C11F29002DA234 /* QSCQuest.m */; };
		786B35B618D780B9002DA234 /* bg.png in Resources */ = {isa = PBXBuildFile; fileRef = 786B35B518D780B9002DA234 /* bg.png */; };
		788B1B8418E77A86007F2789 /* HMSegmentedControl.m in Sources */ = {isa = PBXBuildFile; fileRef = 788B1B8318E77A86007F2789 /* HMSegmentedControl.m */; };
		78A10C9719C62F5E0095AB63 /* QSCStack.m in Sources */ = {isa = PBXBuildFile; fileRef = 78A10C9619C62F5E0095AB63 /* QSCStack.m */; };
		78A7624C18DDADD00098DDD8 /* QSCpage.m in Sources */ = {isa = PBXBuildFile; fileRef = 78A7624B18DDADD00098DDD8 /* QSCpage.m */; };
		78A7625718E4CACE0098DDD8 /* QuartzCore.framework in Frameworks */ = {isa = PBXBuildFile; fileRef = 78A7625618E4CACE0098DDD8 /* QuartzCore.framework */; };
		78A7626018E6E5A00098DDD8 /* MapKit.framework in Frameworks */ = {isa = PBXBuildFile; fileRef = 78A7625F18E6E5A00098DDD8 /* MapKit.framework */; };
		78A7626318E6EAC20098DDD8 /* QSCLocation.m in Sources */ = {isa = PBXBuildFile; fileRef = 78A7626218E6EAC20098DDD8 /* QSCLocation.m */; };
		78A7626518E6F9160098DDD8 /* CoreLocation.framework in Frameworks */ = {isa = PBXBuildFile; fileRef = 78A7626418E6F9160098DDD8 /* CoreLocation.framework */; };
		78B563FB194B33BB007B2A32 /* multiQuestion.xib in Resources */ = {isa = PBXBuildFile; fileRef = 78B563FA194B33BB007B2A32 /* multiQuestion.xib */; };
		78B563FE194B3587007B2A32 /* multiQuestion.m in Sources */ = {isa = PBXBuildFile; fileRef = 78B563FD194B3587007B2A32 /* multiQuestion.m */; };
		78B56402194BB396007B2A32 /* IBActionSheet.m in Sources */ = {isa = PBXBuildFile; fileRef = 78B56401194BB396007B2A32 /* IBActionSheet.m */; };
		78B56408194C6D4C007B2A32 /* arrived_pressed.png in Resources */ = {isa = PBXBuildFile; fileRef = 78B56405194C6D4C007B2A32 /* arrived_pressed.png */; };
		78B56409194C6D4C007B2A32 /* enter_text_pressed.png in Resources */ = {isa = PBXBuildFile; fileRef = 78B56406194C6D4C007B2A32 /* enter_text_pressed.png */; };
		78B5640A194C6D4C007B2A32 /* options_pressed.png in Resources */ = {isa = PBXBuildFile; fileRef = 78B56407194C6D4C007B2A32 /* options_pressed.png */; };
		78B5640E194C70C3007B2A32 /* main_screen_iphone5 (1).png in Resources */ = {isa = PBXBuildFile; fileRef = 78B5640D194C70C3007B2A32 /* main_screen_iphone5 (1).png */; };
		78BB4EC41927DD6100713EBB /* AMTagListView.m in Sources */ = {isa = PBXBuildFile; fileRef = 78BB4EC11927DD6100713EBB /* AMTagListView.m */; };
		78BB4EC51927DD6100713EBB /* AMTagView.m in Sources */ = {isa = PBXBuildFile; fileRef = 78BB4EC31927DD6100713EBB /* AMTagView.m */; };
		78BB4EC8192950EA00713EBB /* QSCratingViewController.m in Sources */ = {isa = PBXBuildFile; fileRef = 78BB4EC7192950EA00713EBB /* QSCratingViewController.m */; };
		78BEDC5718AD9FF2004E9156 /* QSCAllQuestsViewController2.m in Sources */ = {isa = PBXBuildFile; fileRef = 78BEDC5618AD9FF2004E9156 /* QSCAllQuestsViewController2.m */; };
		78BEDC7118ADAB7B004E9156 /* 1Star.png in Resources */ = {isa = PBXBuildFile; fileRef = 78BEDC5918ADAB7B004E9156 /* 1Star.png */; };
		78BEDC7218ADAB7B004E9156 /* 1Star@2x.png in Resources */ = {isa = PBXBuildFile; fileRef = 78BEDC5A18ADAB7B004E9156 /* 1Star@2x.png */; };
		78BEDC7318ADAB7B004E9156 /* 1StarSmall.png in Resources */ = {isa = PBXBuildFile; fileRef = 78BEDC5B18ADAB7B004E9156 /* 1StarSmall.png */; };
		78BEDC7418ADAB7B004E9156 /* 1StarSmall@2x.png in Resources */ = {isa = PBXBuildFile; fileRef = 78BEDC5C18ADAB7B004E9156 /* 1StarSmall@2x.png */; };
		78C24F6C194C768600CD3A44 /* continue_img_pressed.png in Resources */ = {isa = PBXBuildFile; fileRef = 78C24F6B194C768600CD3A44 /* continue_img_pressed.png */; };
		78C24F73194C84CA00CD3A44 /* about (1).html in Resources */ = {isa = PBXBuildFile; fileRef = 78C24F72194C84CA00CD3A44 /* about (1).html */; };
		78D4ADF4191AED1D00821E9A /* logo.png in Resources */ = {isa = PBXBuildFile; fileRef = 78D4ADF3191AED1D00821E9A /* logo.png */; };
		78D4AE0A191D21D000821E9A /* myUtilities.m in Sources */ = {isa = PBXBuildFile; fileRef = 78D4AE09191D21D000821E9A /* myUtilities.m */; };
		78D4AE0C191D23F800821E9A /* myGlobalData.m in Sources */ = {isa = PBXBuildFile; fileRef = 78D4AE0B191D23F800821E9A /* myGlobalData.m */; };
		78D4AE0E191D488E00821E9A /* map-pin.png in Resources */ = {isa = PBXBuildFile; fileRef = 78D4AE0D191D488D00821E9A /* map-pin.png */; };
		78D4AE1019203DDD00821E9A /* tactics.png in Resources */ = {isa = PBXBuildFile; fileRef = 78D4AE0F19203DDC00821E9A /* tactics.png */; };
		78D4AE12192144DF00821E9A /* buttonView.xib in Resources */ = {isa = PBXBuildFile; fileRef = 78D4AE11192144DE00821E9A /* buttonView.xib */; };
		78D4AE151921462A00821E9A /* buttonView.m in Sources */ = {isa = PBXBuildFile; fileRef = 78D4AE141921462A00821E9A /* buttonView.m */; };
		78D4AE17192152BC00821E9A /* menu.png in Resources */ = {isa = PBXBuildFile; fileRef = 78D4AE16192152BC00821E9A /* menu.png */; };
		78D4AE191921531800821E9A /* continue.png in Resources */ = {isa = PBXBuildFile; fileRef = 78D4AE181921531800821E9A /* continue.png */; };
		78D4AE1B192154F400821E9A /* arrived.png in Resources */ = {isa = PBXBuildFile; fileRef = 78D4AE1A192154F400821E9A /* arrived.png */; };
		78D4AE1D1921563500821E9A /* enter-text.png in Resources */ = {isa = PBXBuildFile; fileRef = 78D4AE1C1921563500821E9A /* enter-text.png */; };
		78D4AE1F1921566500821E9A /* options.png in Resources */ = {isa = PBXBuildFile; fileRef = 78D4AE1E1921566500821E9A /* options.png */; };
		78D4AE241921865400821E9A /* UI-4-2.png in Resources */ = {isa = PBXBuildFile; fileRef = 78D4AE231921865400821E9A /* UI-4-2.png */; };
		78D4AE261921885900821E9A /* search.png in Resources */ = {isa = PBXBuildFile; fileRef = 78D4AE251921885900821E9A /* search.png */; };
		78D4AE28192188DF00821E9A /* favorites.png in Resources */ = {isa = PBXBuildFile; fileRef = 78D4AE27192188DF00821E9A /* favorites.png */; };
		78D4AE2A1921895800821E9A /* about.png in Resources */ = {isa = PBXBuildFile; fileRef = 78D4AE291921895800821E9A /* about.png */; };
		78D4AE2D19218A4900821E9A /* QSCopeningScreen.m in Sources */ = {isa = PBXBuildFile; fileRef = 78D4AE2C19218A4900821E9A /* QSCopeningScreen.m */; };
		78D4AE301923F98A00821E9A /* QSCFinishPageVC.m in Sources */ = {isa = PBXBuildFile; fileRef = 78D4AE2F1923F98A00821E9A /* QSCFinishPageVC.m */; };
		78DD31E0197C26ED0044959A /* MKAnnotationView+WebCache.m in Sources */ = {isa = PBXBuildFile; fileRef = 78DD31C0197C26ED0044959A /* MKAnnotationView+WebCache.m */; };
		78DD31E1197C26ED0044959A /* NSData+ImageContentType.m in Sources */ = {isa = PBXBuildFile; fileRef = 78DD31C2197C26ED0044959A /* NSData+ImageContentType.m */; };
		78DD31E2197C26ED0044959A /* SDImageCache.m in Sources */ = {isa = PBXBuildFile; fileRef = 78DD31C4197C26ED0044959A /* SDImageCache.m */; };
		78DD31E3197C26ED0044959A /* SDWebImageCompat.m in Sources */ = {isa = PBXBuildFile; fileRef = 78DD31C6197C26ED0044959A /* SDWebImageCompat.m */; };
		78DD31E4197C26ED0044959A /* SDWebImageDecoder.m in Sources */ = {isa = PBXBuildFile; fileRef = 78DD31C8197C26ED0044959A /* SDWebImageDecoder.m */; };
		78DD31E5197C26ED0044959A /* SDWebImageDownloader.m in Sources */ = {isa = PBXBuildFile; fileRef = 78DD31CA197C26ED0044959A /* SDWebImageDownloader.m */; };
		78DD31E6197C26ED0044959A /* SDWebImageDownloaderOperation.m in Sources */ = {isa = PBXBuildFile; fileRef = 78DD31CC197C26ED0044959A /* SDWebImageDownloaderOperation.m */; };
		78DD31E7197C26ED0044959A /* SDWebImageManager.m in Sources */ = {isa = PBXBuildFile; fileRef = 78DD31CE197C26ED0044959A /* SDWebImageManager.m */; };
		78DD31E8197C26ED0044959A /* SDWebImagePrefetcher.m in Sources */ = {isa = PBXBuildFile; fileRef = 78DD31D1197C26ED0044959A /* SDWebImagePrefetcher.m */; };
		78DD31E9197C26ED0044959A /* UIButton+WebCache.m in Sources */ = {isa = PBXBuildFile; fileRef = 78DD31D3197C26ED0044959A /* UIButton+WebCache.m */; };
		78DD31EA197C26ED0044959A /* UIImage+GIF.m in Sources */ = {isa = PBXBuildFile; fileRef = 78DD31D5197C26ED0044959A /* UIImage+GIF.m */; };
		78DD31EB197C26ED0044959A /* UIImage+MultiFormat.m in Sources */ = {isa = PBXBuildFile; fileRef = 78DD31D7197C26ED0044959A /* UIImage+MultiFormat.m */; };
		78DD31EC197C26ED0044959A /* UIImage+WebP.m in Sources */ = {isa = PBXBuildFile; fileRef = 78DD31D9197C26ED0044959A /* UIImage+WebP.m */; };
		78DD31ED197C26ED0044959A /* UIImageView+HighlightedWebCache.m in Sources */ = {isa = PBXBuildFile; fileRef = 78DD31DB197C26ED0044959A /* UIImageView+HighlightedWebCache.m */; };
		78DD31EE197C26ED0044959A /* UIImageView+WebCache.m in Sources */ = {isa = PBXBuildFile; fileRef = 78DD31DD197C26ED0044959A /* UIImageView+WebCache.m */; };
		78DD31EF197C26ED0044959A /* UIView+WebCacheOperation.m in Sources */ = {isa = PBXBuildFile; fileRef = 78DD31DF197C26ED0044959A /* UIView+WebCacheOperation.m */; };
		78DD31F1197C36660044959A /* logo_temp.png in Resources */ = {isa = PBXBuildFile; fileRef = 78DD31F0197C36660044959A /* logo_temp.png */; };
		78DD31F3197C393C0044959A /* ImageIO.framework in Frameworks */ = {isa = PBXBuildFile; fileRef = 78DD31F2197C393C0044959A /* ImageIO.framework */; };
		78DD31FE19A679FC0044959A /* main_screen_iphone5_withMuseum.png in Resources */ = {isa = PBXBuildFile; fileRef = 78DD31FD19A679FC0044959A /* main_screen_iphone5_withMuseum.png */; };
		78DD320119A68C4D0044959A /* clock.png in Resources */ = {isa = PBXBuildFile; fileRef = 78DD31FF19A68C4D0044959A /* clock.png */; };
		78DD320219A68C4D0044959A /* marker.png in Resources */ = {isa = PBXBuildFile; fileRef = 78DD320019A68C4D0044959A /* marker.png */; };
		78EC8BD018B1540C00901F4D /* QSCQuestInfoViewController.m in Sources */ = {isa = PBXBuildFile; fileRef = 78EC8BCF18B1540B00901F4D /* QSCQuestInfoViewController.m */; };
		78F0E84518AD79290034E3A4 /* Foundation.framework in Frameworks */ = {isa = PBXBuildFile; fileRef = 78F0E84418AD79290034E3A4 /* Foundation.framework */; };
		78F0E84718AD79290034E3A4 /* CoreGraphics.framework in Frameworks */ = {isa = PBXBuildFile; fileRef = 78F0E84618AD79290034E3A4 /* CoreGraphics.framework */; };
		78F0E84918AD79290034E3A4 /* UIKit.framework in Frameworks */ = {isa = PBXBuildFile; fileRef = 78F0E84818AD79290034E3A4 /* UIKit.framework */; };
		78F0E84F18AD79290034E3A4 /* InfoPlist.strings in Resources */ = {isa = PBXBuildFile; fileRef = 78F0E84D18AD79290034E3A4 /* InfoPlist.strings */; };
		78F0E85118AD79290034E3A4 /* main.m in Sources */ = {isa = PBXBuildFile; fileRef = 78F0E85018AD79290034E3A4 /* main.m */; };
		78F0E85518AD79290034E3A4 /* QSCAppDelegate.m in Sources */ = {isa = PBXBuildFile; fileRef = 78F0E85418AD79290034E3A4 /* QSCAppDelegate.m */; };
		78F0E85818AD79290034E3A4 /* Main.storyboard in Resources */ = {isa = PBXBuildFile; fileRef = 78F0E85618AD79290034E3A4 /* Main.storyboard */; };
		78F0E85E18AD79290034E3A4 /* QSCSecondViewController.m in Sources */ = {isa = PBXBuildFile; fileRef = 78F0E85D18AD79290034E3A4 /* QSCSecondViewController.m */; };
		78F0E86018AD792A0034E3A4 /* Images.xcassets in Resources */ = {isa = PBXBuildFile; fileRef = 78F0E85F18AD792A0034E3A4 /* Images.xcassets */; };
		78F0E86718AD792A0034E3A4 /* XCTest.framework in Frameworks */ = {isa = PBXBuildFile; fileRef = 78F0E86618AD792A0034E3A4 /* XCTest.framework */; };
		78F0E86818AD792A0034E3A4 /* Foundation.framework in Frameworks */ = {isa = PBXBuildFile; fileRef = 78F0E84418AD79290034E3A4 /* Foundation.framework */; };
		78F0E86918AD792A0034E3A4 /* UIKit.framework in Frameworks */ = {isa = PBXBuildFile; fileRef = 78F0E84818AD79290034E3A4 /* UIKit.framework */; };
		78F0E87118AD792A0034E3A4 /* InfoPlist.strings in Resources */ = {isa = PBXBuildFile; fileRef = 78F0E86F18AD792A0034E3A4 /* InfoPlist.strings */; };
		78F0E87318AD792A0034E3A4 /* try3Tests.m in Sources */ = {isa = PBXBuildFile; fileRef = 78F0E87218AD792A0034E3A4 /* try3Tests.m */; };
/* End PBXBuildFile section */

/* Begin PBXContainerItemProxy section */
		78F0E86A18AD792A0034E3A4 /* PBXContainerItemProxy */ = {
			isa = PBXContainerItemProxy;
			containerPortal = 78F0E83918AD79290034E3A4 /* Project object */;
			proxyType = 1;
			remoteGlobalIDString = 78F0E84018AD79290034E3A4;
			remoteInfo = try3;
		};
/* End PBXContainerItemProxy section */

/* Begin PBXFileReference section */
		7835423218E887E500EF6659 /* MBProgressHUD.h */ = {isa = PBXFileReference; fileEncoding = 4; lastKnownFileType = sourcecode.c.h; path = MBProgressHUD.h; sourceTree = "<group>"; };
		7835423318E887E500EF6659 /* MBProgressHUD.m */ = {isa = PBXFileReference; fileEncoding = 4; lastKnownFileType = sourcecode.c.objc; path = MBProgressHUD.m; sourceTree = "<group>"; };
		7835423518EDF3EE00EF6659 /* Security.framework */ = {isa = PBXFileReference; lastKnownFileType = wrapper.framework; name = Security.framework; path = System/Library/Frameworks/Security.framework; sourceTree = SDKROOT; };
		7835423718EDF47A00EF6659 /* KeychainItemWrapper.h */ = {isa = PBXFileReference; fileEncoding = 4; lastKnownFileType = sourcecode.c.h; path = KeychainItemWrapper.h; sourceTree = "<group>"; };
		7835423818EDF47A00EF6659 /* KeychainItemWrapper.m */ = {isa = PBXFileReference; fileEncoding = 4; lastKnownFileType = sourcecode.c.objc; path = KeychainItemWrapper.m; sourceTree = "<group>"; };
		7835423A18EE383C00EF6659 /* myUtilities.h */ = {isa = PBXFileReference; fileEncoding = 4; lastKnownFileType = sourcecode.c.h; path = myUtilities.h; sourceTree = "<group>"; };
		7835423B18EFFDAC00EF6659 /* TPFloatRatingView.h */ = {isa = PBXFileReference; fileEncoding = 4; lastKnownFileType = sourcecode.c.h; path = TPFloatRatingView.h; sourceTree = "<group>"; };
		7835423C18EFFDAC00EF6659 /* TPFloatRatingView.m */ = {isa = PBXFileReference; fileEncoding = 4; lastKnownFileType = sourcecode.c.objc; path = TPFloatRatingView.m; sourceTree = "<group>"; };
		7835424218F015F000EF6659 /* star-empty.png */ = {isa = PBXFileReference; lastKnownFileType = image.png; path = "star-empty.png"; sourceTree = "<group>"; };
		7835424318F015F000EF6659 /* star-full.png */ = {isa = PBXFileReference; lastKnownFileType = image.png; path = "star-full.png"; sourceTree = "<group>"; };
		783759C5193F5DD5007C0BB9 /* Andada-Regular.ttf */ = {isa = PBXFileReference; lastKnownFileType = file; path = "Andada-Regular.ttf"; sourceTree = "<group>"; };
		783759C7193F5DD5007C0BB9 /* Alef-bold.ttf */ = {isa = PBXFileReference; lastKnownFileType = file; path = "Alef-bold.ttf"; sourceTree = "<group>"; };
		783759C8193F5DD5007C0BB9 /* Alef-regular.ttf */ = {isa = PBXFileReference; lastKnownFileType = file; path = "Alef-regular.ttf"; sourceTree = "<group>"; };
		783759C9193F5DD5007C0BB9 /* hadasimclm-regular-webfont.ttf */ = {isa = PBXFileReference; lastKnownFileType = file; path = "hadasimclm-regular-webfont.ttf"; sourceTree = "<group>"; };
		783759CA193F5DD5007C0BB9 /* yehudaclm-bold-webfont.ttf */ = {isa = PBXFileReference; lastKnownFileType = file; path = "yehudaclm-bold-webfont.ttf"; sourceTree = "<group>"; };
		783759CB193F5DD5007C0BB9 /* yehudaclm-light-webfont.ttf */ = {isa = PBXFileReference; lastKnownFileType = file; path = "yehudaclm-light-webfont.ttf"; sourceTree = "<group>"; };
		783759CC193F5DD5007C0BB9 /* Old-Rubber-Stamp.ttf */ = {isa = PBXFileReference; lastKnownFileType = file; path = "Old-Rubber-Stamp.ttf"; sourceTree = "<group>"; };
		783759CD193F5DD5007C0BB9 /* Roboto-Light.ttf */ = {isa = PBXFileReference; lastKnownFileType = file; path = "Roboto-Light.ttf"; sourceTree = "<group>"; };
		783759CE193F5DD5007C0BB9 /* Roboto-Regular.ttf */ = {isa = PBXFileReference; lastKnownFileType = file; path = "Roboto-Regular.ttf"; sourceTree = "<group>"; };
		783759CF193F5DD5007C0BB9 /* Roboto-Thin.ttf */ = {isa = PBXFileReference; lastKnownFileType = file; path = "Roboto-Thin.ttf"; sourceTree = "<group>"; };
		783759DE193F6BB7007C0BB9 /* he */ = {isa = PBXFileReference; lastKnownFileType = text.plist.strings; name = he; path = he.lproj/Main.strings; sourceTree = "<group>"; };
		783759DF193F6BB7007C0BB9 /* he */ = {isa = PBXFileReference; lastKnownFileType = text.plist.strings; name = he; path = he.lproj/InfoPlist.strings; sourceTree = "<group>"; };
		783759E0193F6BB7007C0BB9 /* he */ = {isa = PBXFileReference; lastKnownFileType = text.plist.strings; name = he; path = he.lproj/InfoPlist.strings; sourceTree = "<group>"; };
		783759E2193F6C01007C0BB9 /* en */ = {isa = PBXFileReference; lastKnownFileType = text.plist.strings; name = en; path = en.lproj/Localizable.strings; sourceTree = "<group>"; };
		783759E4193F6C1D007C0BB9 /* he */ = {isa = PBXFileReference; lastKnownFileType = text.plist.strings; name = he; path = he.lproj/Localizable.strings; sourceTree = "<group>"; };
		783759E61943213D007C0BB9 /* button_about_eng.png */ = {isa = PBXFileReference; lastKnownFileType = image.png; path = button_about_eng.png; sourceTree = "<group>"; };
		783759E71943213D007C0BB9 /* button_about_eng_pressed.png */ = {isa = PBXFileReference; lastKnownFileType = image.png; path = button_about_eng_pressed.png; sourceTree = "<group>"; };
		783759E81943213D007C0BB9 /* button_find_quest_eng.png */ = {isa = PBXFileReference; lastKnownFileType = image.png; path = button_find_quest_eng.png; sourceTree = "<group>"; };
		783759E91943213D007C0BB9 /* button_find_quest_eng_pressed.png */ = {isa = PBXFileReference; lastKnownFileType = image.png; path = button_find_quest_eng_pressed.png; sourceTree = "<group>"; };
		783759EA1943213D007C0BB9 /* button_my_quests_eng.png */ = {isa = PBXFileReference; lastKnownFileType = image.png; path = button_my_quests_eng.png; sourceTree = "<group>"; };
		783759EB1943213D007C0BB9 /* button_my_quests_eng_pressed.png */ = {isa = PBXFileReference; lastKnownFileType = image.png; path = button_my_quests_eng_pressed.png; sourceTree = "<group>"; };
		783759F31943216B007C0BB9 /* button_about.png */ = {isa = PBXFileReference; lastKnownFileType = image.png; path = button_about.png; sourceTree = "<group>"; };
		783759F41943216B007C0BB9 /* button_about_pressed.png */ = {isa = PBXFileReference; lastKnownFileType = image.png; path = button_about_pressed.png; sourceTree = "<group>"; };
		783759F51943216B007C0BB9 /* button_find_quest.png */ = {isa = PBXFileReference; lastKnownFileType = image.png; path = button_find_quest.png; sourceTree = "<group>"; };
		783759F61943216B007C0BB9 /* button_find_quest_pressed.png */ = {isa = PBXFileReference; lastKnownFileType = image.png; path = button_find_quest_pressed.png; sourceTree = "<group>"; };
		783759F71943216B007C0BB9 /* button_my_quests.png */ = {isa = PBXFileReference; lastKnownFileType = image.png; path = button_my_quests.png; sourceTree = "<group>"; };
		783759F81943216B007C0BB9 /* button_my_quests_pressed.png */ = {isa = PBXFileReference; lastKnownFileType = image.png; path = button_my_quests_pressed.png; sourceTree = "<group>"; };
		78375A0219432C95007C0BB9 /* UI-4-1.png */ = {isa = PBXFileReference; lastKnownFileType = image.png; path = "UI-4-1.png"; sourceTree = "<group>"; };
		786B35B018C11F29002DA234 /* QSCQuest.h */ = {isa = PBXFileReference; fileEncoding = 4; lastKnownFileType = sourcecode.c.h; path = QSCQuest.h; sourceTree = "<group>"; };
		786B35B118C11F29002DA234 /* QSCQuest.m */ = {isa = PBXFileReference; fileEncoding = 4; lastKnownFileType = sourcecode.c.objc; path = QSCQuest.m; sourceTree = "<group>"; };
		786B35B518D780B9002DA234 /* bg.png */ = {isa = PBXFileReference; lastKnownFileType = image.png; name = bg.png; path = ../../bg.png; sourceTree = "<group>"; };
		788B1B8218E77A86007F2789 /* HMSegmentedControl.h */ = {isa = PBXFileReference; fileEncoding = 4; lastKnownFileType = sourcecode.c.h; path = HMSegmentedControl.h; sourceTree = "<group>"; };
		788B1B8318E77A86007F2789 /* HMSegmentedControl.m */ = {isa = PBXFileReference; fileEncoding = 4; lastKnownFileType = sourcecode.c.objc; path = HMSegmentedControl.m; sourceTree = "<group>"; };
		78A10C9519C62F5E0095AB63 /* QSCStack.h */ = {isa = PBXFileReference; fileEncoding = 4; lastKnownFileType = sourcecode.c.h; name = QSCStack.h; path = ../QSCStack.h; sourceTree = "<group>"; };
		78A10C9619C62F5E0095AB63 /* QSCStack.m */ = {isa = PBXFileReference; fileEncoding = 4; lastKnownFileType = sourcecode.c.objc; name = QSCStack.m; path = ../QSCStack.m; sourceTree = "<group>"; };
		78A7624A18DDADD00098DDD8 /* QSCpage.h */ = {isa = PBXFileReference; fileEncoding = 4; lastKnownFileType = sourcecode.c.h; path = QSCpage.h; sourceTree = "<group>"; };
		78A7624B18DDADD00098DDD8 /* QSCpage.m */ = {isa = PBXFileReference; fileEncoding = 4; lastKnownFileType = sourcecode.c.objc; path = QSCpage.m; sourceTree = "<group>"; };
		78A7625618E4CACE0098DDD8 /* QuartzCore.framework */ = {isa = PBXFileReference; lastKnownFileType = wrapper.framework; name = QuartzCore.framework; path = System/Library/Frameworks/QuartzCore.framework; sourceTree = SDKROOT; };
		78A7625F18E6E5A00098DDD8 /* MapKit.framework */ = {isa = PBXFileReference; lastKnownFileType = wrapper.framework; name = MapKit.framework; path = System/Library/Frameworks/MapKit.framework; sourceTree = SDKROOT; };
		78A7626118E6EAC20098DDD8 /* QSCLocation.h */ = {isa = PBXFileReference; fileEncoding = 4; lastKnownFileType = sourcecode.c.h; path = QSCLocation.h; sourceTree = "<group>"; };
		78A7626218E6EAC20098DDD8 /* QSCLocation.m */ = {isa = PBXFileReference; fileEncoding = 4; lastKnownFileType = sourcecode.c.objc; path = QSCLocation.m; sourceTree = "<group>"; };
		78A7626418E6F9160098DDD8 /* CoreLocation.framework */ = {isa = PBXFileReference; lastKnownFileType = wrapper.framework; name = CoreLocation.framework; path = System/Library/Frameworks/CoreLocation.framework; sourceTree = SDKROOT; };
		78B563FA194B33BB007B2A32 /* multiQuestion.xib */ = {isa = PBXFileReference; fileEncoding = 4; lastKnownFileType = file.xib; path = multiQuestion.xib; sourceTree = "<group>"; };
		78B563FC194B3587007B2A32 /* multiQuestion.h */ = {isa = PBXFileReference; fileEncoding = 4; lastKnownFileType = sourcecode.c.h; path = multiQuestion.h; sourceTree = "<group>"; };
		78B563FD194B3587007B2A32 /* multiQuestion.m */ = {isa = PBXFileReference; fileEncoding = 4; lastKnownFileType = sourcecode.c.objc; path = multiQuestion.m; sourceTree = "<group>"; };
		78B56400194BB396007B2A32 /* IBActionSheet.h */ = {isa = PBXFileReference; fileEncoding = 4; lastKnownFileType = sourcecode.c.h; path = IBActionSheet.h; sourceTree = "<group>"; };
		78B56401194BB396007B2A32 /* IBActionSheet.m */ = {isa = PBXFileReference; fileEncoding = 4; lastKnownFileType = sourcecode.c.objc; path = IBActionSheet.m; sourceTree = "<group>"; };
		78B56405194C6D4C007B2A32 /* arrived_pressed.png */ = {isa = PBXFileReference; lastKnownFileType = image.png; name = arrived_pressed.png; path = ../../../../../../Dropbox/Quesity/Graphics/kalsky/fragments/arrived_pressed.png; sourceTree = "<group>"; };
		78B56406194C6D4C007B2A32 /* enter_text_pressed.png */ = {isa = PBXFileReference; lastKnownFileType = image.png; name = enter_text_pressed.png; path = ../../../../../../Dropbox/Quesity/Graphics/kalsky/fragments/enter_text_pressed.png; sourceTree = "<group>"; };
		78B56407194C6D4C007B2A32 /* options_pressed.png */ = {isa = PBXFileReference; lastKnownFileType = image.png; name = options_pressed.png; path = ../../../../../../Dropbox/Quesity/Graphics/kalsky/fragments/options_pressed.png; sourceTree = "<group>"; };
		78B5640D194C70C3007B2A32 /* main_screen_iphone5 (1).png */ = {isa = PBXFileReference; lastKnownFileType = image.png; name = "main_screen_iphone5 (1).png"; path = "../../../../../../Downloads/main_screen_iphone5 (1).png"; sourceTree = "<group>"; };
		78BB4EC01927DD6100713EBB /* AMTagListView.h */ = {isa = PBXFileReference; fileEncoding = 4; lastKnownFileType = sourcecode.c.h; path = AMTagListView.h; sourceTree = "<group>"; };
		78BB4EC11927DD6100713EBB /* AMTagListView.m */ = {isa = PBXFileReference; fileEncoding = 4; lastKnownFileType = sourcecode.c.objc; path = AMTagListView.m; sourceTree = "<group>"; };
		78BB4EC21927DD6100713EBB /* AMTagView.h */ = {isa = PBXFileReference; fileEncoding = 4; lastKnownFileType = sourcecode.c.h; path = AMTagView.h; sourceTree = "<group>"; };
		78BB4EC31927DD6100713EBB /* AMTagView.m */ = {isa = PBXFileReference; fileEncoding = 4; lastKnownFileType = sourcecode.c.objc; path = AMTagView.m; sourceTree = "<group>"; };
		78BB4EC6192950EA00713EBB /* QSCratingViewController.h */ = {isa = PBXFileReference; fileEncoding = 4; lastKnownFileType = sourcecode.c.h; path = QSCratingViewController.h; sourceTree = "<group>"; };
		78BB4EC7192950EA00713EBB /* QSCratingViewController.m */ = {isa = PBXFileReference; fileEncoding = 4; lastKnownFileType = sourcecode.c.objc; path = QSCratingViewController.m; sourceTree = "<group>"; };
		78BEDC5518AD9FF2004E9156 /* QSCAllQuestsViewController2.h */ = {isa = PBXFileReference; fileEncoding = 4; lastKnownFileType = sourcecode.c.h; path = QSCAllQuestsViewController2.h; sourceTree = "<group>"; };
		78BEDC5618AD9FF2004E9156 /* QSCAllQuestsViewController2.m */ = {isa = PBXFileReference; fileEncoding = 4; lastKnownFileType = sourcecode.c.objc; path = QSCAllQuestsViewController2.m; sourceTree = "<group>"; };
		78BEDC5918ADAB7B004E9156 /* 1Star.png */ = {isa = PBXFileReference; lastKnownFileType = image.png; path = 1Star.png; sourceTree = "<group>"; };
		78BEDC5A18ADAB7B004E9156 /* 1Star@2x.png */ = {isa = PBXFileReference; lastKnownFileType = image.png; path = "1Star@2x.png"; sourceTree = "<group>"; };
		78BEDC5B18ADAB7B004E9156 /* 1StarSmall.png */ = {isa = PBXFileReference; lastKnownFileType = image.png; path = 1StarSmall.png; sourceTree = "<group>"; };
		78BEDC5C18ADAB7B004E9156 /* 1StarSmall@2x.png */ = {isa = PBXFileReference; lastKnownFileType = image.png; path = "1StarSmall@2x.png"; sourceTree = "<group>"; };
		78C24F6B194C768600CD3A44 /* continue_img_pressed.png */ = {isa = PBXFileReference; lastKnownFileType = image.png; path = continue_img_pressed.png; sourceTree = "<group>"; };
		78C24F72194C84CA00CD3A44 /* about (1).html */ = {isa = PBXFileReference; fileEncoding = 4; lastKnownFileType = text.html; path = "about (1).html"; sourceTree = "<group>"; };
		78D4ADF3191AED1D00821E9A /* logo.png */ = {isa = PBXFileReference; lastKnownFileType = image.png; path = logo.png; sourceTree = "<group>"; };
		78D4AE06191D169E00821E9A /* myGlobalData.h */ = {isa = PBXFileReference; fileEncoding = 4; lastKnownFileType = sourcecode.c.h; path = myGlobalData.h; sourceTree = "<group>"; };
		78D4AE09191D21D000821E9A /* myUtilities.m */ = {isa = PBXFileReference; fileEncoding = 4; lastKnownFileType = sourcecode.c.objc; path = myUtilities.m; sourceTree = "<group>"; };
		78D4AE0B191D23F800821E9A /* myGlobalData.m */ = {isa = PBXFileReference; fileEncoding = 4; lastKnownFileType = sourcecode.c.objc; path = myGlobalData.m; sourceTree = "<group>"; };
		78D4AE0D191D488D00821E9A /* map-pin.png */ = {isa = PBXFileReference; lastKnownFileType = image.png; path = "map-pin.png"; sourceTree = "<group>"; };
		78D4AE0F19203DDC00821E9A /* tactics.png */ = {isa = PBXFileReference; lastKnownFileType = image.png; path = tactics.png; sourceTree = "<group>"; };
		78D4AE11192144DE00821E9A /* buttonView.xib */ = {isa = PBXFileReference; fileEncoding = 4; lastKnownFileType = file.xib; path = buttonView.xib; sourceTree = "<group>"; };
		78D4AE131921462A00821E9A /* buttonView.h */ = {isa = PBXFileReference; fileEncoding = 4; lastKnownFileType = sourcecode.c.h; path = buttonView.h; sourceTree = "<group>"; };
		78D4AE141921462A00821E9A /* buttonView.m */ = {isa = PBXFileReference; fileEncoding = 4; lastKnownFileType = sourcecode.c.objc; path = buttonView.m; sourceTree = "<group>"; };
		78D4AE16192152BC00821E9A /* menu.png */ = {isa = PBXFileReference; lastKnownFileType = image.png; path = menu.png; sourceTree = "<group>"; };
		78D4AE181921531800821E9A /* continue.png */ = {isa = PBXFileReference; lastKnownFileType = image.png; path = continue.png; sourceTree = "<group>"; };
		78D4AE1A192154F400821E9A /* arrived.png */ = {isa = PBXFileReference; lastKnownFileType = image.png; path = arrived.png; sourceTree = "<group>"; };
		78D4AE1C1921563500821E9A /* enter-text.png */ = {isa = PBXFileReference; lastKnownFileType = image.png; path = "enter-text.png"; sourceTree = "<group>"; };
		78D4AE1E1921566500821E9A /* options.png */ = {isa = PBXFileReference; lastKnownFileType = image.png; path = options.png; sourceTree = "<group>"; };
		78D4AE231921865400821E9A /* UI-4-2.png */ = {isa = PBXFileReference; lastKnownFileType = image.png; path = "UI-4-2.png"; sourceTree = "<group>"; };
		78D4AE251921885900821E9A /* search.png */ = {isa = PBXFileReference; lastKnownFileType = image.png; path = search.png; sourceTree = "<group>"; };
		78D4AE27192188DF00821E9A /* favorites.png */ = {isa = PBXFileReference; lastKnownFileType = image.png; path = favorites.png; sourceTree = "<group>"; };
		78D4AE291921895800821E9A /* about.png */ = {isa = PBXFileReference; lastKnownFileType = image.png; path = about.png; sourceTree = "<group>"; };
		78D4AE2B19218A4900821E9A /* QSCopeningScreen.h */ = {isa = PBXFileReference; fileEncoding = 4; lastKnownFileType = sourcecode.c.h; path = QSCopeningScreen.h; sourceTree = "<group>"; };
		78D4AE2C19218A4900821E9A /* QSCopeningScreen.m */ = {isa = PBXFileReference; fileEncoding = 4; lastKnownFileType = sourcecode.c.objc; path = QSCopeningScreen.m; sourceTree = "<group>"; };
		78D4AE2E1923F98900821E9A /* QSCFinishPageVC.h */ = {isa = PBXFileReference; fileEncoding = 4; lastKnownFileType = sourcecode.c.h; path = QSCFinishPageVC.h; sourceTree = "<group>"; };
		78D4AE2F1923F98A00821E9A /* QSCFinishPageVC.m */ = {isa = PBXFileReference; fileEncoding = 4; lastKnownFileType = sourcecode.c.objc; path = QSCFinishPageVC.m; sourceTree = "<group>"; };
		78DD31BF197C26ED0044959A /* MKAnnotationView+WebCache.h */ = {isa = PBXFileReference; fileEncoding = 4; lastKnownFileType = sourcecode.c.h; path = "MKAnnotationView+WebCache.h"; sourceTree = "<group>"; };
		78DD31C0197C26ED0044959A /* MKAnnotationView+WebCache.m */ = {isa = PBXFileReference; fileEncoding = 4; lastKnownFileType = sourcecode.c.objc; path = "MKAnnotationView+WebCache.m"; sourceTree = "<group>"; };
		78DD31C1197C26ED0044959A /* NSData+ImageContentType.h */ = {isa = PBXFileReference; fileEncoding = 4; lastKnownFileType = sourcecode.c.h; path = "NSData+ImageContentType.h"; sourceTree = "<group>"; };
		78DD31C2197C26ED0044959A /* NSData+ImageContentType.m */ = {isa = PBXFileReference; fileEncoding = 4; lastKnownFileType = sourcecode.c.objc; path = "NSData+ImageContentType.m"; sourceTree = "<group>"; };
		78DD31C3197C26ED0044959A /* SDImageCache.h */ = {isa = PBXFileReference; fileEncoding = 4; lastKnownFileType = sourcecode.c.h; path = SDImageCache.h; sourceTree = "<group>"; };
		78DD31C4197C26ED0044959A /* SDImageCache.m */ = {isa = PBXFileReference; fileEncoding = 4; lastKnownFileType = sourcecode.c.objc; path = SDImageCache.m; sourceTree = "<group>"; };
		78DD31C5197C26ED0044959A /* SDWebImageCompat.h */ = {isa = PBXFileReference; fileEncoding = 4; lastKnownFileType = sourcecode.c.h; path = SDWebImageCompat.h; sourceTree = "<group>"; };
		78DD31C6197C26ED0044959A /* SDWebImageCompat.m */ = {isa = PBXFileReference; fileEncoding = 4; lastKnownFileType = sourcecode.c.objc; path = SDWebImageCompat.m; sourceTree = "<group>"; };
		78DD31C7197C26ED0044959A /* SDWebImageDecoder.h */ = {isa = PBXFileReference; fileEncoding = 4; lastKnownFileType = sourcecode.c.h; path = SDWebImageDecoder.h; sourceTree = "<group>"; };
		78DD31C8197C26ED0044959A /* SDWebImageDecoder.m */ = {isa = PBXFileReference; fileEncoding = 4; lastKnownFileType = sourcecode.c.objc; path = SDWebImageDecoder.m; sourceTree = "<group>"; };
		78DD31C9197C26ED0044959A /* SDWebImageDownloader.h */ = {isa = PBXFileReference; fileEncoding = 4; lastKnownFileType = sourcecode.c.h; path = SDWebImageDownloader.h; sourceTree = "<group>"; };
		78DD31CA197C26ED0044959A /* SDWebImageDownloader.m */ = {isa = PBXFileReference; fileEncoding = 4; lastKnownFileType = sourcecode.c.objc; path = SDWebImageDownloader.m; sourceTree = "<group>"; };
		78DD31CB197C26ED0044959A /* SDWebImageDownloaderOperation.h */ = {isa = PBXFileReference; fileEncoding = 4; lastKnownFileType = sourcecode.c.h; path = SDWebImageDownloaderOperation.h; sourceTree = "<group>"; };
		78DD31CC197C26ED0044959A /* SDWebImageDownloaderOperation.m */ = {isa = PBXFileReference; fileEncoding = 4; lastKnownFileType = sourcecode.c.objc; path = SDWebImageDownloaderOperation.m; sourceTree = "<group>"; };
		78DD31CD197C26ED0044959A /* SDWebImageManager.h */ = {isa = PBXFileReference; fileEncoding = 4; lastKnownFileType = sourcecode.c.h; path = SDWebImageManager.h; sourceTree = "<group>"; };
		78DD31CE197C26ED0044959A /* SDWebImageManager.m */ = {isa = PBXFileReference; fileEncoding = 4; lastKnownFileType = sourcecode.c.objc; path = SDWebImageManager.m; sourceTree = "<group>"; };
		78DD31CF197C26ED0044959A /* SDWebImageOperation.h */ = {isa = PBXFileReference; fileEncoding = 4; lastKnownFileType = sourcecode.c.h; path = SDWebImageOperation.h; sourceTree = "<group>"; };
		78DD31D0197C26ED0044959A /* SDWebImagePrefetcher.h */ = {isa = PBXFileReference; fileEncoding = 4; lastKnownFileType = sourcecode.c.h; path = SDWebImagePrefetcher.h; sourceTree = "<group>"; };
		78DD31D1197C26ED0044959A /* SDWebImagePrefetcher.m */ = {isa = PBXFileReference; fileEncoding = 4; lastKnownFileType = sourcecode.c.objc; path = SDWebImagePrefetcher.m; sourceTree = "<group>"; };
		78DD31D2197C26ED0044959A /* UIButton+WebCache.h */ = {isa = PBXFileReference; fileEncoding = 4; lastKnownFileType = sourcecode.c.h; path = "UIButton+WebCache.h"; sourceTree = "<group>"; };
		78DD31D3197C26ED0044959A /* UIButton+WebCache.m */ = {isa = PBXFileReference; fileEncoding = 4; lastKnownFileType = sourcecode.c.objc; path = "UIButton+WebCache.m"; sourceTree = "<group>"; };
		78DD31D4197C26ED0044959A /* UIImage+GIF.h */ = {isa = PBXFileReference; fileEncoding = 4; lastKnownFileType = sourcecode.c.h; path = "UIImage+GIF.h"; sourceTree = "<group>"; };
		78DD31D5197C26ED0044959A /* UIImage+GIF.m */ = {isa = PBXFileReference; fileEncoding = 4; lastKnownFileType = sourcecode.c.objc; path = "UIImage+GIF.m"; sourceTree = "<group>"; };
		78DD31D6197C26ED0044959A /* UIImage+MultiFormat.h */ = {isa = PBXFileReference; fileEncoding = 4; lastKnownFileType = sourcecode.c.h; path = "UIImage+MultiFormat.h"; sourceTree = "<group>"; };
		78DD31D7197C26ED0044959A /* UIImage+MultiFormat.m */ = {isa = PBXFileReference; fileEncoding = 4; lastKnownFileType = sourcecode.c.objc; path = "UIImage+MultiFormat.m"; sourceTree = "<group>"; };
		78DD31D8197C26ED0044959A /* UIImage+WebP.h */ = {isa = PBXFileReference; fileEncoding = 4; lastKnownFileType = sourcecode.c.h; path = "UIImage+WebP.h"; sourceTree = "<group>"; };
		78DD31D9197C26ED0044959A /* UIImage+WebP.m */ = {isa = PBXFileReference; fileEncoding = 4; lastKnownFileType = sourcecode.c.objc; path = "UIImage+WebP.m"; sourceTree = "<group>"; };
		78DD31DA197C26ED0044959A /* UIImageView+HighlightedWebCache.h */ = {isa = PBXFileReference; fileEncoding = 4; lastKnownFileType = sourcecode.c.h; path = "UIImageView+HighlightedWebCache.h"; sourceTree = "<group>"; };
		78DD31DB197C26ED0044959A /* UIImageView+HighlightedWebCache.m */ = {isa = PBXFileReference; fileEncoding = 4; lastKnownFileType = sourcecode.c.objc; path = "UIImageView+HighlightedWebCache.m"; sourceTree = "<group>"; };
		78DD31DC197C26ED0044959A /* UIImageView+WebCache.h */ = {isa = PBXFileReference; fileEncoding = 4; lastKnownFileType = sourcecode.c.h; path = "UIImageView+WebCache.h"; sourceTree = "<group>"; };
		78DD31DD197C26ED0044959A /* UIImageView+WebCache.m */ = {isa = PBXFileReference; fileEncoding = 4; lastKnownFileType = sourcecode.c.objc; path = "UIImageView+WebCache.m"; sourceTree = "<group>"; };
		78DD31DE197C26ED0044959A /* UIView+WebCacheOperation.h */ = {isa = PBXFileReference; fileEncoding = 4; lastKnownFileType = sourcecode.c.h; path = "UIView+WebCacheOperation.h"; sourceTree = "<group>"; };
		78DD31DF197C26ED0044959A /* UIView+WebCacheOperation.m */ = {isa = PBXFileReference; fileEncoding = 4; lastKnownFileType = sourcecode.c.objc; path = "UIView+WebCacheOperation.m"; sourceTree = "<group>"; };
		78DD31F0197C36660044959A /* logo_temp.png */ = {isa = PBXFileReference; lastKnownFileType = image.png; path = logo_temp.png; sourceTree = "<group>"; };
		78DD31F2197C393C0044959A /* ImageIO.framework */ = {isa = PBXFileReference; lastKnownFileType = wrapper.framework; name = ImageIO.framework; path = System/Library/Frameworks/ImageIO.framework; sourceTree = SDKROOT; };
		78DD31FD19A679FC0044959A /* main_screen_iphone5_withMuseum.png */ = {isa = PBXFileReference; lastKnownFileType = image.png; path = main_screen_iphone5_withMuseum.png; sourceTree = "<group>"; };
		78DD31FF19A68C4D0044959A /* clock.png */ = {isa = PBXFileReference; lastKnownFileType = image.png; path = clock.png; sourceTree = "<group>"; };
		78DD320019A68C4D0044959A /* marker.png */ = {isa = PBXFileReference; lastKnownFileType = image.png; path = marker.png; sourceTree = "<group>"; };
		78EC8BCE18B1540B00901F4D /* QSCQuestInfoViewController.h */ = {isa = PBXFileReference; fileEncoding = 4; lastKnownFileType = sourcecode.c.h; path = QSCQuestInfoViewController.h; sourceTree = "<group>"; };
		78EC8BCF18B1540B00901F4D /* QSCQuestInfoViewController.m */ = {isa = PBXFileReference; fileEncoding = 4; lastKnownFileType = sourcecode.c.objc; path = QSCQuestInfoViewController.m; sourceTree = "<group>"; };
		78F0E84118AD79290034E3A4 /* Quesity.app */ = {isa = PBXFileReference; explicitFileType = wrapper.application; includeInIndex = 0; path = Quesity.app; sourceTree = BUILT_PRODUCTS_DIR; };
		78F0E84418AD79290034E3A4 /* Foundation.framework */ = {isa = PBXFileReference; lastKnownFileType = wrapper.framework; name = Foundation.framework; path = System/Library/Frameworks/Foundation.framework; sourceTree = SDKROOT; };
		78F0E84618AD79290034E3A4 /* CoreGraphics.framework */ = {isa = PBXFileReference; lastKnownFileType = wrapper.framework; name = CoreGraphics.framework; path = System/Library/Frameworks/CoreGraphics.framework; sourceTree = SDKROOT; };
		78F0E84818AD79290034E3A4 /* UIKit.framework */ = {isa = PBXFileReference; lastKnownFileType = wrapper.framework; name = UIKit.framework; path = System/Library/Frameworks/UIKit.framework; sourceTree = SDKROOT; };
		78F0E84C18AD79290034E3A4 /* Quesity-Info.plist */ = {isa = PBXFileReference; lastKnownFileType = text.plist.xml; path = "Quesity-Info.plist"; sourceTree = "<group>"; };
		78F0E84E18AD79290034E3A4 /* en */ = {isa = PBXFileReference; lastKnownFileType = text.plist.strings; name = en; path = en.lproj/InfoPlist.strings; sourceTree = "<group>"; };
		78F0E85018AD79290034E3A4 /* main.m */ = {isa = PBXFileReference; lastKnownFileType = sourcecode.c.objc; path = main.m; sourceTree = "<group>"; };
		78F0E85218AD79290034E3A4 /* Quesity-Prefix.pch */ = {isa = PBXFileReference; lastKnownFileType = sourcecode.c.h; path = "Quesity-Prefix.pch"; sourceTree = "<group>"; };
		78F0E85318AD79290034E3A4 /* QSCAppDelegate.h */ = {isa = PBXFileReference; lastKnownFileType = sourcecode.c.h; path = QSCAppDelegate.h; sourceTree = "<group>"; };
		78F0E85418AD79290034E3A4 /* QSCAppDelegate.m */ = {isa = PBXFileReference; lastKnownFileType = sourcecode.c.objc; path = QSCAppDelegate.m; sourceTree = "<group>"; };
		78F0E85718AD79290034E3A4 /* Base */ = {isa = PBXFileReference; lastKnownFileType = file.storyboard; name = Base; path = Base.lproj/Main.storyboard; sourceTree = "<group>"; };
		78F0E85C18AD79290034E3A4 /* QSCSecondViewController.h */ = {isa = PBXFileReference; lastKnownFileType = sourcecode.c.h; path = QSCSecondViewController.h; sourceTree = "<group>"; };
		78F0E85D18AD79290034E3A4 /* QSCSecondViewController.m */ = {isa = PBXFileReference; lastKnownFileType = sourcecode.c.objc; path = QSCSecondViewController.m; sourceTree = "<group>"; };
		78F0E85F18AD792A0034E3A4 /* Images.xcassets */ = {isa = PBXFileReference; lastKnownFileType = folder.assetcatalog; path = Images.xcassets; sourceTree = "<group>"; };
		78F0E86518AD792A0034E3A4 /* QuesityTests.xctest */ = {isa = PBXFileReference; explicitFileType = wrapper.cfbundle; includeInIndex = 0; path = QuesityTests.xctest; sourceTree = BUILT_PRODUCTS_DIR; };
		78F0E86618AD792A0034E3A4 /* XCTest.framework */ = {isa = PBXFileReference; lastKnownFileType = wrapper.framework; name = XCTest.framework; path = Library/Frameworks/XCTest.framework; sourceTree = DEVELOPER_DIR; };
		78F0E86E18AD792A0034E3A4 /* try3Tests-Info.plist */ = {isa = PBXFileReference; lastKnownFileType = text.plist.xml; path = "try3Tests-Info.plist"; sourceTree = "<group>"; };
		78F0E87018AD792A0034E3A4 /* en */ = {isa = PBXFileReference; lastKnownFileType = text.plist.strings; name = en; path = en.lproj/InfoPlist.strings; sourceTree = "<group>"; };
		78F0E87218AD792A0034E3A4 /* try3Tests.m */ = {isa = PBXFileReference; lastKnownFileType = sourcecode.c.objc; path = try3Tests.m; sourceTree = "<group>"; };
/* End PBXFileReference section */

/* Begin PBXFrameworksBuildPhase section */
		78F0E83E18AD79290034E3A4 /* Frameworks */ = {
			isa = PBXFrameworksBuildPhase;
			buildActionMask = 2147483647;
			files = (
				78DD31F3197C393C0044959A /* ImageIO.framework in Frameworks */,
				7835423618EDF3EE00EF6659 /* Security.framework in Frameworks */,
				78A7626518E6F9160098DDD8 /* CoreLocation.framework in Frameworks */,
				78A7626018E6E5A00098DDD8 /* MapKit.framework in Frameworks */,
				78A7625718E4CACE0098DDD8 /* QuartzCore.framework in Frameworks */,
				78F0E84718AD79290034E3A4 /* CoreGraphics.framework in Frameworks */,
				78F0E84918AD79290034E3A4 /* UIKit.framework in Frameworks */,
				78F0E84518AD79290034E3A4 /* Foundation.framework in Frameworks */,
			);
			runOnlyForDeploymentPostprocessing = 0;
		};
		78F0E86218AD792A0034E3A4 /* Frameworks */ = {
			isa = PBXFrameworksBuildPhase;
			buildActionMask = 2147483647;
			files = (
				78F0E86718AD792A0034E3A4 /* XCTest.framework in Frameworks */,
				78F0E86918AD792A0034E3A4 /* UIKit.framework in Frameworks */,
				78F0E86818AD792A0034E3A4 /* Foundation.framework in Frameworks */,
			);
			runOnlyForDeploymentPostprocessing = 0;
		};
/* End PBXFrameworksBuildPhase section */

/* Begin PBXGroup section */
		782CE6EE18AF8D3F00D1A2FB /* Resources */ = {
			isa = PBXGroup;
			children = (
				78DD31BE197C26ED0044959A /* SDWebImage */,
				78B56404194BC35E007B2A32 /* TPFloatRatingView */,
				788B1B8118E77A86007F2789 /* HMSegmentedControl4 */,
				78B563FF194BB396007B2A32 /* IBActionSheet */,
				783759C4193F5DD5007C0BB9 /* fonts */,
				78BB4EBF1927DD6100713EBB /* AMTagListView */,
				7835423118E887E500EF6659 /* MBProgressHUD */,
				78A7626118E6EAC20098DDD8 /* QSCLocation.h */,
				78A7626218E6EAC20098DDD8 /* QSCLocation.m */,
				78A10C9519C62F5E0095AB63 /* QSCStack.h */,
				78A10C9619C62F5E0095AB63 /* QSCStack.m */,
				78C24F72194C84CA00CD3A44 /* about (1).html */,
			);
			path = Resources;
			sourceTree = "<group>";
		};
		7835423118E887E500EF6659 /* MBProgressHUD */ = {
			isa = PBXGroup;
			children = (
				7835423218E887E500EF6659 /* MBProgressHUD.h */,
				7835423318E887E500EF6659 /* MBProgressHUD.m */,
			);
			path = MBProgressHUD;
			sourceTree = "<group>";
		};
		783759C4193F5DD5007C0BB9 /* fonts */ = {
			isa = PBXGroup;
			children = (
				783759C5193F5DD5007C0BB9 /* Andada-Regular.ttf */,
				783759C6193F5DD5007C0BB9 /* he-il */,
				783759CC193F5DD5007C0BB9 /* Old-Rubber-Stamp.ttf */,
				783759CD193F5DD5007C0BB9 /* Roboto-Light.ttf */,
				783759CE193F5DD5007C0BB9 /* Roboto-Regular.ttf */,
				783759CF193F5DD5007C0BB9 /* Roboto-Thin.ttf */,
			);
			path = fonts;
			sourceTree = "<group>";
		};
		783759C6193F5DD5007C0BB9 /* he-il */ = {
			isa = PBXGroup;
			children = (
				783759C7193F5DD5007C0BB9 /* Alef-bold.ttf */,
				783759C8193F5DD5007C0BB9 /* Alef-regular.ttf */,
				783759C9193F5DD5007C0BB9 /* hadasimclm-regular-webfont.ttf */,
				783759CA193F5DD5007C0BB9 /* yehudaclm-bold-webfont.ttf */,
				783759CB193F5DD5007C0BB9 /* yehudaclm-light-webfont.ttf */,
			);
			path = "he-il";
			sourceTree = "<group>";
		};
		783759E51943213D007C0BB9 /* mainButtonsEng */ = {
			isa = PBXGroup;
			children = (
				783759E61943213D007C0BB9 /* button_about_eng.png */,
				783759E71943213D007C0BB9 /* button_about_eng_pressed.png */,
				783759E81943213D007C0BB9 /* button_find_quest_eng.png */,
				783759E91943213D007C0BB9 /* button_find_quest_eng_pressed.png */,
				783759EA1943213D007C0BB9 /* button_my_quests_eng.png */,
				783759EB1943213D007C0BB9 /* button_my_quests_eng_pressed.png */,
			);
			path = mainButtonsEng;
			sourceTree = "<group>";
		};
		783759F21943216B007C0BB9 /* mainButtonsHeb */ = {
			isa = PBXGroup;
			children = (
				783759F31943216B007C0BB9 /* button_about.png */,
				783759F41943216B007C0BB9 /* button_about_pressed.png */,
				783759F51943216B007C0BB9 /* button_find_quest.png */,
				783759F61943216B007C0BB9 /* button_find_quest_pressed.png */,
				783759F71943216B007C0BB9 /* button_my_quests.png */,
				783759F81943216B007C0BB9 /* button_my_quests_pressed.png */,
			);
			path = mainButtonsHeb;
			sourceTree = "<group>";
		};
		788B1B8118E77A86007F2789 /* HMSegmentedControl4 */ = {
			isa = PBXGroup;
			children = (
				788B1B8218E77A86007F2789 /* HMSegmentedControl.h */,
				788B1B8318E77A86007F2789 /* HMSegmentedControl.m */,
			);
			name = HMSegmentedControl4;
			path = HMSegmentedControl3;
			sourceTree = "<group>";
		};
		78B563FF194BB396007B2A32 /* IBActionSheet */ = {
			isa = PBXGroup;
			children = (
				78B56400194BB396007B2A32 /* IBActionSheet.h */,
				78B56401194BB396007B2A32 /* IBActionSheet.m */,
			);
			name = IBActionSheet;
			path = ../../../../../Desktop/IBActionSheet;
			sourceTree = "<group>";
		};
		78B56403194BC026007B2A32 /* finishStuff */ = {
			isa = PBXGroup;
			children = (
				78BB4EC6192950EA00713EBB /* QSCratingViewController.h */,
				78BB4EC7192950EA00713EBB /* QSCratingViewController.m */,
				78D4AE2E1923F98900821E9A /* QSCFinishPageVC.h */,
				78D4AE2F1923F98A00821E9A /* QSCFinishPageVC.m */,
			);
			name = finishStuff;
			sourceTree = "<group>";
		};
		78B56404194BC35E007B2A32 /* TPFloatRatingView */ = {
			isa = PBXGroup;
			children = (
				7835423B18EFFDAC00EF6659 /* TPFloatRatingView.h */,
				7835423C18EFFDAC00EF6659 /* TPFloatRatingView.m */,
			);
			name = TPFloatRatingView;
			sourceTree = "<group>";
		};
		78BB4EBF1927DD6100713EBB /* AMTagListView */ = {
			isa = PBXGroup;
			children = (
				78BB4EC01927DD6100713EBB /* AMTagListView.h */,
				78BB4EC11927DD6100713EBB /* AMTagListView.m */,
				78BB4EC21927DD6100713EBB /* AMTagView.h */,
				78BB4EC31927DD6100713EBB /* AMTagView.m */,
			);
			path = AMTagListView;
			sourceTree = "<group>";
		};
		78BEDC5818ADAB7B004E9156 /* Images */ = {
			isa = PBXGroup;
			children = (
				78DD31FD19A679FC0044959A /* main_screen_iphone5_withMuseum.png */,
				78DD31FF19A68C4D0044959A /* clock.png */,
				78DD320019A68C4D0044959A /* marker.png */,
				783759F21943216B007C0BB9 /* mainButtonsHeb */,
				783759E51943213D007C0BB9 /* mainButtonsEng */,
				78D4AE27192188DF00821E9A /* favorites.png */,
				78DD31F0197C36660044959A /* logo_temp.png */,
				78D4AE1A192154F400821E9A /* arrived.png */,
				78B56405194C6D4C007B2A32 /* arrived_pressed.png */,
				78D4AE1E1921566500821E9A /* options.png */,
				78B56407194C6D4C007B2A32 /* options_pressed.png */,
				78D4AE1C1921563500821E9A /* enter-text.png */,
				78B56406194C6D4C007B2A32 /* enter_text_pressed.png */,
				78D4AE181921531800821E9A /* continue.png */,
				78C24F6B194C768600CD3A44 /* continue_img_pressed.png */,
				78D4AE291921895800821E9A /* about.png */,
				78D4AE251921885900821E9A /* search.png */,
				78375A0219432C95007C0BB9 /* UI-4-1.png */,
				78D4AE231921865400821E9A /* UI-4-2.png */,
				78D4AE16192152BC00821E9A /* menu.png */,
				78D4AE0F19203DDC00821E9A /* tactics.png */,
				78D4AE0D191D488D00821E9A /* map-pin.png */,
				78B5640D194C70C3007B2A32 /* main_screen_iphone5 (1).png */,
				78D4ADF3191AED1D00821E9A /* logo.png */,
				7835424218F015F000EF6659 /* star-empty.png */,
				7835424318F015F000EF6659 /* star-full.png */,
				786B35B518D780B9002DA234 /* bg.png */,
				78BEDC5918ADAB7B004E9156 /* 1Star.png */,
				78BEDC5A18ADAB7B004E9156 /* 1Star@2x.png */,
				78BEDC5B18ADAB7B004E9156 /* 1StarSmall.png */,
				78BEDC5C18ADAB7B004E9156 /* 1StarSmall@2x.png */,
			);
			name = Images;
			path = try3/Images.xcassets/Images;
			sourceTree = "<group>";
		};
		78DD31BE197C26ED0044959A /* SDWebImage */ = {
			isa = PBXGroup;
			children = (
				78DD31BF197C26ED0044959A /* MKAnnotationView+WebCache.h */,
				78DD31C0197C26ED0044959A /* MKAnnotationView+WebCache.m */,
				78DD31C1197C26ED0044959A /* NSData+ImageContentType.h */,
				78DD31C2197C26ED0044959A /* NSData+ImageContentType.m */,
				78DD31C3197C26ED0044959A /* SDImageCache.h */,
				78DD31C4197C26ED0044959A /* SDImageCache.m */,
				78DD31C5197C26ED0044959A /* SDWebImageCompat.h */,
				78DD31C6197C26ED0044959A /* SDWebImageCompat.m */,
				78DD31C7197C26ED0044959A /* SDWebImageDecoder.h */,
				78DD31C8197C26ED0044959A /* SDWebImageDecoder.m */,
				78DD31C9197C26ED0044959A /* SDWebImageDownloader.h */,
				78DD31CA197C26ED0044959A /* SDWebImageDownloader.m */,
				78DD31CB197C26ED0044959A /* SDWebImageDownloaderOperation.h */,
				78DD31CC197C26ED0044959A /* SDWebImageDownloaderOperation.m */,
				78DD31CD197C26ED0044959A /* SDWebImageManager.h */,
				78DD31CE197C26ED0044959A /* SDWebImageManager.m */,
				78DD31CF197C26ED0044959A /* SDWebImageOperation.h */,
				78DD31D0197C26ED0044959A /* SDWebImagePrefetcher.h */,
				78DD31D1197C26ED0044959A /* SDWebImagePrefetcher.m */,
				78DD31D2197C26ED0044959A /* UIButton+WebCache.h */,
				78DD31D3197C26ED0044959A /* UIButton+WebCache.m */,
				78DD31D4197C26ED0044959A /* UIImage+GIF.h */,
				78DD31D5197C26ED0044959A /* UIImage+GIF.m */,
				78DD31D6197C26ED0044959A /* UIImage+MultiFormat.h */,
				78DD31D7197C26ED0044959A /* UIImage+MultiFormat.m */,
				78DD31D8197C26ED0044959A /* UIImage+WebP.h */,
				78DD31D9197C26ED0044959A /* UIImage+WebP.m */,
				78DD31DA197C26ED0044959A /* UIImageView+HighlightedWebCache.h */,
				78DD31DB197C26ED0044959A /* UIImageView+HighlightedWebCache.m */,
				78DD31DC197C26ED0044959A /* UIImageView+WebCache.h */,
				78DD31DD197C26ED0044959A /* UIImageView+WebCache.m */,
				78DD31DE197C26ED0044959A /* UIView+WebCacheOperation.h */,
				78DD31DF197C26ED0044959A /* UIView+WebCacheOperation.m */,
			);
			path = SDWebImage;
			sourceTree = "<group>";
		};
		78F0E83818AD79290034E3A4 = {
			isa = PBXGroup;
			children = (
				78F0E84A18AD79290034E3A4 /* try3 */,
				78F0E86C18AD792A0034E3A4 /* try3Tests */,
				78F0E84318AD79290034E3A4 /* Frameworks */,
				78F0E84218AD79290034E3A4 /* Products */,
				78BEDC5818ADAB7B004E9156 /* Images */,
			);
			sourceTree = "<group>";
		};
		78F0E84218AD79290034E3A4 /* Products */ = {
			isa = PBXGroup;
			children = (
				78F0E84118AD79290034E3A4 /* Quesity.app */,
				78F0E86518AD792A0034E3A4 /* QuesityTests.xctest */,
			);
			name = Products;
			sourceTree = "<group>";
		};
		78F0E84318AD79290034E3A4 /* Frameworks */ = {
			isa = PBXGroup;
			children = (
				78DD31F2197C393C0044959A /* ImageIO.framework */,
				7835423518EDF3EE00EF6659 /* Security.framework */,
				78A7626418E6F9160098DDD8 /* CoreLocation.framework */,
				78A7625F18E6E5A00098DDD8 /* MapKit.framework */,
				78A7625618E4CACE0098DDD8 /* QuartzCore.framework */,
				78F0E84418AD79290034E3A4 /* Foundation.framework */,
				78F0E84618AD79290034E3A4 /* CoreGraphics.framework */,
				78F0E84818AD79290034E3A4 /* UIKit.framework */,
				78F0E86618AD792A0034E3A4 /* XCTest.framework */,
			);
			name = Frameworks;
			sourceTree = "<group>";
		};
		78F0E84A18AD79290034E3A4 /* try3 */ = {
			isa = PBXGroup;
			children = (
				782CE6EE18AF8D3F00D1A2FB /* Resources */,
				7835423A18EE383C00EF6659 /* myUtilities.h */,
				78D4AE09191D21D000821E9A /* myUtilities.m */,
				78D4AE06191D169E00821E9A /* myGlobalData.h */,
				78D4AE0B191D23F800821E9A /* myGlobalData.m */,
				7835423718EDF47A00EF6659 /* KeychainItemWrapper.h */,
				7835423818EDF47A00EF6659 /* KeychainItemWrapper.m */,
				786B35B018C11F29002DA234 /* QSCQuest.h */,
				786B35B118C11F29002DA234 /* QSCQuest.m */,
				78F0E85318AD79290034E3A4 /* QSCAppDelegate.h */,
				78F0E85418AD79290034E3A4 /* QSCAppDelegate.m */,
				78F0E85618AD79290034E3A4 /* Main.storyboard */,
				783759E3193F6C01007C0BB9 /* Localizable.strings */,
				78B56403194BC026007B2A32 /* finishStuff */,
				78D4AE2B19218A4900821E9A /* QSCopeningScreen.h */,
				78D4AE2C19218A4900821E9A /* QSCopeningScreen.m */,
				78A7624A18DDADD00098DDD8 /* QSCpage.h */,
				78A7624B18DDADD00098DDD8 /* QSCpage.m */,
				78D4AE11192144DE00821E9A /* buttonView.xib */,
				78D4AE131921462A00821E9A /* buttonView.h */,
				78D4AE141921462A00821E9A /* buttonView.m */,
				78B563FA194B33BB007B2A32 /* multiQuestion.xib */,
				78B563FC194B3587007B2A32 /* multiQuestion.h */,
				78B563FD194B3587007B2A32 /* multiQuestion.m */,
				78EC8BCE18B1540B00901F4D /* QSCQuestInfoViewController.h */,
				78EC8BCF18B1540B00901F4D /* QSCQuestInfoViewController.m */,
				78BEDC5518AD9FF2004E9156 /* QSCAllQuestsViewController2.h */,
				78BEDC5618AD9FF2004E9156 /* QSCAllQuestsViewController2.m */,
				78F0E85C18AD79290034E3A4 /* QSCSecondViewController.h */,
				78F0E85D18AD79290034E3A4 /* QSCSecondViewController.m */,
				78F0E85F18AD792A0034E3A4 /* Images.xcassets */,
				78F0E84B18AD79290034E3A4 /* Supporting Files */,
			);
			path = try3;
			sourceTree = "<group>";
		};
		78F0E84B18AD79290034E3A4 /* Supporting Files */ = {
			isa = PBXGroup;
			children = (
				78F0E84C18AD79290034E3A4 /* Quesity-Info.plist */,
				78F0E84D18AD79290034E3A4 /* InfoPlist.strings */,
				78F0E85018AD79290034E3A4 /* main.m */,
				78F0E85218AD79290034E3A4 /* Quesity-Prefix.pch */,
			);
			name = "Supporting Files";
			sourceTree = "<group>";
		};
		78F0E86C18AD792A0034E3A4 /* try3Tests */ = {
			isa = PBXGroup;
			children = (
				78F0E87218AD792A0034E3A4 /* try3Tests.m */,
				78F0E86D18AD792A0034E3A4 /* Supporting Files */,
			);
			path = try3Tests;
			sourceTree = "<group>";
		};
		78F0E86D18AD792A0034E3A4 /* Supporting Files */ = {
			isa = PBXGroup;
			children = (
				78F0E86E18AD792A0034E3A4 /* try3Tests-Info.plist */,
				78F0E86F18AD792A0034E3A4 /* InfoPlist.strings */,
			);
			name = "Supporting Files";
			sourceTree = "<group>";
		};
/* End PBXGroup section */

/* Begin PBXNativeTarget section */
		78F0E84018AD79290034E3A4 /* Quesity */ = {
			isa = PBXNativeTarget;
			buildConfigurationList = 78F0E87618AD792A0034E3A4 /* Build configuration list for PBXNativeTarget "Quesity" */;
			buildPhases = (
				78F0E83D18AD79290034E3A4 /* Sources */,
				78F0E83E18AD79290034E3A4 /* Frameworks */,
				78F0E83F18AD79290034E3A4 /* Resources */,
			);
			buildRules = (
			);
			dependencies = (
			);
			name = Quesity;
			productName = try3;
			productReference = 78F0E84118AD79290034E3A4 /* Quesity.app */;
			productType = "com.apple.product-type.application";
		};
		78F0E86418AD792A0034E3A4 /* QuesityTests */ = {
			isa = PBXNativeTarget;
			buildConfigurationList = 78F0E87918AD792A0034E3A4 /* Build configuration list for PBXNativeTarget "QuesityTests" */;
			buildPhases = (
				78F0E86118AD792A0034E3A4 /* Sources */,
				78F0E86218AD792A0034E3A4 /* Frameworks */,
				78F0E86318AD792A0034E3A4 /* Resources */,
			);
			buildRules = (
			);
			dependencies = (
				78F0E86B18AD792A0034E3A4 /* PBXTargetDependency */,
			);
			name = QuesityTests;
			productName = try3Tests;
			productReference = 78F0E86518AD792A0034E3A4 /* QuesityTests.xctest */;
			productType = "com.apple.product-type.bundle.unit-test";
		};
/* End PBXNativeTarget section */

/* Begin PBXProject section */
		78F0E83918AD79290034E3A4 /* Project object */ = {
			isa = PBXProject;
			attributes = {
				CLASSPREFIX = QSC;
				LastUpgradeCheck = 0510;
				ORGANIZATIONNAME = igor;
				TargetAttributes = {
					78F0E84018AD79290034E3A4 = {
						DevelopmentTeam = 5TPV8AZ9WL;
					};
					78F0E86418AD792A0034E3A4 = {
						TestTargetID = 78F0E84018AD79290034E3A4;
					};
				};
			};
			buildConfigurationList = 78F0E83C18AD79290034E3A4 /* Build configuration list for PBXProject "Quesity" */;
			compatibilityVersion = "Xcode 3.2";
			developmentRegion = English;
			hasScannedForEncodings = 0;
			knownRegions = (
				en,
				Base,
				he,
			);
			mainGroup = 78F0E83818AD79290034E3A4;
			productRefGroup = 78F0E84218AD79290034E3A4 /* Products */;
			projectDirPath = "";
			projectRoot = "";
			targets = (
				78F0E84018AD79290034E3A4 /* Quesity */,
				78F0E86418AD792A0034E3A4 /* QuesityTests */,
			);
		};
/* End PBXProject section */

/* Begin PBXResourcesBuildPhase section */
		78F0E83F18AD79290034E3A4 /* Resources */ = {
			isa = PBXResourcesBuildPhase;
			buildActionMask = 2147483647;
			files = (
				78D4AE191921531800821E9A /* continue.png in Resources */,
				783759EC1943213D007C0BB9 /* button_about_eng.png in Resources */,
				78D4AE1F1921566500821E9A /* options.png in Resources */,
				78DD31FE19A679FC0044959A /* main_screen_iphone5_withMuseum.png in Resources */,
				783759D9193F5DD5007C0BB9 /* Roboto-Thin.ttf in Resources */,
				78D4AE0E191D488E00821E9A /* map-pin.png in Resources */,
				78B5640E194C70C3007B2A32 /* main_screen_iphone5 (1).png in Resources */,
				783759F01943213D007C0BB9 /* button_my_quests_eng.png in Resources */,
				783759ED1943213D007C0BB9 /* button_about_eng_pressed.png in Resources */,
				78BEDC7418ADAB7B004E9156 /* 1StarSmall@2x.png in Resources */,
				783759F91943216B007C0BB9 /* button_about.png in Resources */,
				78F0E86018AD792A0034E3A4 /* Images.xcassets in Resources */,
				78D4AE241921865400821E9A /* UI-4-2.png in Resources */,
				786B35B618D780B9002DA234 /* bg.png in Resources */,
				78F0E84F18AD79290034E3A4 /* InfoPlist.strings in Resources */,
				783759D4193F5DD5007C0BB9 /* yehudaclm-bold-webfont.ttf in Resources */,
				783759FD1943216B007C0BB9 /* button_my_quests.png in Resources */,
				7835424518F015F000EF6659 /* star-full.png in Resources */,
				783759D1193F5DD5007C0BB9 /* Alef-bold.ttf in Resources */,
				78DD31F1197C36660044959A /* logo_temp.png in Resources */,
				78B5640A194C6D4C007B2A32 /* options_pressed.png in Resources */,
				78F0E85818AD79290034E3A4 /* Main.storyboard in Resources */,
				78375A0319432C95007C0BB9 /* UI-4-1.png in Resources */,
				78D4AE12192144DF00821E9A /* buttonView.xib in Resources */,
				78D4ADF4191AED1D00821E9A /* logo.png in Resources */,
				78D4AE28192188DF00821E9A /* favorites.png in Resources */,
				78D4AE261921885900821E9A /* search.png in Resources */,
				783759D0193F5DD5007C0BB9 /* Andada-Regular.ttf in Resources */,
				78D4AE17192152BC00821E9A /* menu.png in Resources */,
				78C24F6C194C768600CD3A44 /* continue_img_pressed.png in Resources */,
				78BEDC7318ADAB7B004E9156 /* 1StarSmall.png in Resources */,
				78DD320219A68C4D0044959A /* marker.png in Resources */,
				78B56409194C6D4C007B2A32 /* enter_text_pressed.png in Resources */,
				783759EF1943213D007C0BB9 /* button_find_quest_eng_pressed.png in Resources */,
				783759D5193F5DD5007C0BB9 /* yehudaclm-light-webfont.ttf in Resources */,
				783759FB1943216B007C0BB9 /* button_find_quest.png in Resources */,
				783759FC1943216B007C0BB9 /* button_find_quest_pressed.png in Resources */,
				78D4AE2A1921895800821E9A /* about.png in Resources */,
				78B56408194C6D4C007B2A32 /* arrived_pressed.png in Resources */,
				78D4AE1019203DDD00821E9A /* tactics.png in Resources */,
				7835424418F015F000EF6659 /* star-empty.png in Resources */,
				783759EE1943213D007C0BB9 /* button_find_quest_eng.png in Resources */,
				783759D7193F5DD5007C0BB9 /* Roboto-Light.ttf in Resources */,
				783759D8193F5DD5007C0BB9 /* Roboto-Regular.ttf in Resources */,
				783759D3193F5DD5007C0BB9 /* hadasimclm-regular-webfont.ttf in Resources */,
				78B563FB194B33BB007B2A32 /* multiQuestion.xib in Resources */,
				783759F11943213D007C0BB9 /* button_my_quests_eng_pressed.png in Resources */,
				78BEDC7118ADAB7B004E9156 /* 1Star.png in Resources */,
				78BEDC7218ADAB7B004E9156 /* 1Star@2x.png in Resources */,
				78DD320119A68C4D0044959A /* clock.png in Resources */,
				783759E1193F6C01007C0BB9 /* Localizable.strings in Resources */,
				78D4AE1B192154F400821E9A /* arrived.png in Resources */,
				78D4AE1D1921563500821E9A /* enter-text.png in Resources */,
				783759FA1943216B007C0BB9 /* button_about_pressed.png in Resources */,
				783759D2193F5DD5007C0BB9 /* Alef-regular.ttf in Resources */,
				783759D6193F5DD5007C0BB9 /* Old-Rubber-Stamp.ttf in Resources */,
				783759FE1943216B007C0BB9 /* button_my_quests_pressed.png in Resources */,
				78C24F73194C84CA00CD3A44 /* about (1).html in Resources */,
			);
			runOnlyForDeploymentPostprocessing = 0;
		};
		78F0E86318AD792A0034E3A4 /* Resources */ = {
			isa = PBXResourcesBuildPhase;
			buildActionMask = 2147483647;
			files = (
				78F0E87118AD792A0034E3A4 /* InfoPlist.strings in Resources */,
			);
			runOnlyForDeploymentPostprocessing = 0;
		};
/* End PBXResourcesBuildPhase section */

/* Begin PBXSourcesBuildPhase section */
		78F0E83D18AD79290034E3A4 /* Sources */ = {
			isa = PBXSourcesBuildPhase;
			buildActionMask = 2147483647;
			files = (
				78DD31EF197C26ED0044959A /* UIView+WebCacheOperation.m in Sources */,
				786B35B218C11F29002DA234 /* QSCQuest.m in Sources */,
				788B1B8418E77A86007F2789 /* HMSegmentedControl.m in Sources */,
				78D4AE301923F98A00821E9A /* QSCFinishPageVC.m in Sources */,
				78F0E85518AD79290034E3A4 /* QSCAppDelegate.m in Sources */,
				78A7626318E6EAC20098DDD8 /* QSCLocation.m in Sources */,
				78BB4EC8192950EA00713EBB /* QSCratingViewController.m in Sources */,
				78DD31E6197C26ED0044959A /* SDWebImageDownloaderOperation.m in Sources */,
				78DD31E8197C26ED0044959A /* SDWebImagePrefetcher.m in Sources */,
				78EC8BD018B1540C00901F4D /* QSCQuestInfoViewController.m in Sources */,
				7835423418E887E500EF6659 /* MBProgressHUD.m in Sources */,
				78B563FE194B3587007B2A32 /* multiQuestion.m in Sources */,
				78DD31EB197C26ED0044959A /* UIImage+MultiFormat.m in Sources */,
				78BB4EC51927DD6100713EBB /* AMTagView.m in Sources */,
				78D4AE0A191D21D000821E9A /* myUtilities.m in Sources */,
				78DD31E9197C26ED0044959A /* UIButton+WebCache.m in Sources */,
				78DD31EA197C26ED0044959A /* UIImage+GIF.m in Sources */,
				78A7624C18DDADD00098DDD8 /* QSCpage.m in Sources */,
				78D4AE2D19218A4900821E9A /* QSCopeningScreen.m in Sources */,
				78BEDC5718AD9FF2004E9156 /* QSCAllQuestsViewController2.m in Sources */,
				78D4AE151921462A00821E9A /* buttonView.m in Sources */,
				78BB4EC41927DD6100713EBB /* AMTagListView.m in Sources */,
				78D4AE0C191D23F800821E9A /* myGlobalData.m in Sources */,
				78DD31E2197C26ED0044959A /* SDImageCache.m in Sources */,
				78DD31E7197C26ED0044959A /* SDWebImageManager.m in Sources */,
				78DD31EC197C26ED0044959A /* UIImage+WebP.m in Sources */,
				78F0E85E18AD79290034E3A4 /* QSCSecondViewController.m in Sources */,
				7835423D18EFFDAC00EF6659 /* TPFloatRatingView.m in Sources */,
				78B56402194BB396007B2A32 /* IBActionSheet.m in Sources */,
				78A10C9719C62F5E0095AB63 /* QSCStack.m in Sources */,
				78DD31EE197C26ED0044959A /* UIImageView+WebCache.m in Sources */,
				78DD31E5197C26ED0044959A /* SDWebImageDownloader.m in Sources */,
				7835423918EDF47A00EF6659 /* KeychainItemWrapper.m in Sources */,
				78DD31E0197C26ED0044959A /* MKAnnotationView+WebCache.m in Sources */,
				78DD31E4197C26ED0044959A /* SDWebImageDecoder.m in Sources */,
				78DD31E3197C26ED0044959A /* SDWebImageCompat.m in Sources */,
				78DD31ED197C26ED0044959A /* UIImageView+HighlightedWebCache.m in Sources */,
				78DD31E1197C26ED0044959A /* NSData+ImageContentType.m in Sources */,
				78F0E85118AD79290034E3A4 /* main.m in Sources */,
			);
			runOnlyForDeploymentPostprocessing = 0;
		};
		78F0E86118AD792A0034E3A4 /* Sources */ = {
			isa = PBXSourcesBuildPhase;
			buildActionMask = 2147483647;
			files = (
				78F0E87318AD792A0034E3A4 /* try3Tests.m in Sources */,
			);
			runOnlyForDeploymentPostprocessing = 0;
		};
/* End PBXSourcesBuildPhase section */

/* Begin PBXTargetDependency section */
		78F0E86B18AD792A0034E3A4 /* PBXTargetDependency */ = {
			isa = PBXTargetDependency;
			target = 78F0E84018AD79290034E3A4 /* Quesity */;
			targetProxy = 78F0E86A18AD792A0034E3A4 /* PBXContainerItemProxy */;
		};
/* End PBXTargetDependency section */

/* Begin PBXVariantGroup section */
		783759E3193F6C01007C0BB9 /* Localizable.strings */ = {
			isa = PBXVariantGroup;
			children = (
				783759E2193F6C01007C0BB9 /* en */,
				783759E4193F6C1D007C0BB9 /* he */,
			);
			name = Localizable.strings;
			sourceTree = "<group>";
		};
		78F0E84D18AD79290034E3A4 /* InfoPlist.strings */ = {
			isa = PBXVariantGroup;
			children = (
				78F0E84E18AD79290034E3A4 /* en */,
				783759DF193F6BB7007C0BB9 /* he */,
			);
			name = InfoPlist.strings;
			sourceTree = "<group>";
		};
		78F0E85618AD79290034E3A4 /* Main.storyboard */ = {
			isa = PBXVariantGroup;
			children = (
				78F0E85718AD79290034E3A4 /* Base */,
				783759DE193F6BB7007C0BB9 /* he */,
			);
			name = Main.storyboard;
			sourceTree = "<group>";
		};
		78F0E86F18AD792A0034E3A4 /* InfoPlist.strings */ = {
			isa = PBXVariantGroup;
			children = (
				78F0E87018AD792A0034E3A4 /* en */,
				783759E0193F6BB7007C0BB9 /* he */,
			);
			name = InfoPlist.strings;
			sourceTree = "<group>";
		};
/* End PBXVariantGroup section */

/* Begin XCBuildConfiguration section */
		78F0E87418AD792A0034E3A4 /* Debug */ = {
			isa = XCBuildConfiguration;
			buildSettings = {
				ALWAYS_SEARCH_USER_PATHS = NO;
				CLANG_CXX_LANGUAGE_STANDARD = "gnu++0x";
				CLANG_CXX_LIBRARY = "libc++";
				CLANG_ENABLE_MODULES = YES;
				CLANG_ENABLE_OBJC_ARC = YES;
				CLANG_WARN_BOOL_CONVERSION = YES;
				CLANG_WARN_CONSTANT_CONVERSION = YES;
				CLANG_WARN_DIRECT_OBJC_ISA_USAGE = YES_ERROR;
				CLANG_WARN_EMPTY_BODY = YES;
				CLANG_WARN_ENUM_CONVERSION = YES;
				CLANG_WARN_INT_CONVERSION = YES;
				CLANG_WARN_OBJC_ROOT_CLASS = YES_ERROR;
				CLANG_WARN__DUPLICATE_METHOD_MATCH = YES;
				"CODE_SIGN_IDENTITY[sdk=iphoneos*]" = "iPhone Developer";
				COPY_PHASE_STRIP = NO;
				GCC_C_LANGUAGE_STANDARD = gnu99;
				GCC_DYNAMIC_NO_PIC = NO;
				GCC_OPTIMIZATION_LEVEL = 0;
				GCC_PREPROCESSOR_DEFINITIONS = (
					"DEBUG=1",
					"$(inherited)",
				);
				GCC_SYMBOLS_PRIVATE_EXTERN = NO;
				GCC_WARN_64_TO_32_BIT_CONVERSION = YES;
				GCC_WARN_ABOUT_RETURN_TYPE = YES_ERROR;
				GCC_WARN_UNDECLARED_SELECTOR = YES;
				GCC_WARN_UNINITIALIZED_AUTOS = YES;
				GCC_WARN_UNUSED_FUNCTION = YES;
				GCC_WARN_UNUSED_VARIABLE = YES;
				IPHONEOS_DEPLOYMENT_TARGET = 7.0;
				ONLY_ACTIVE_ARCH = YES;
				SDKROOT = iphoneos;
			};
			name = Debug;
		};
		78F0E87518AD792A0034E3A4 /* Release */ = {
			isa = XCBuildConfiguration;
			buildSettings = {
				ALWAYS_SEARCH_USER_PATHS = NO;
				CLANG_CXX_LANGUAGE_STANDARD = "gnu++0x";
				CLANG_CXX_LIBRARY = "libc++";
				CLANG_ENABLE_MODULES = YES;
				CLANG_ENABLE_OBJC_ARC = YES;
				CLANG_WARN_BOOL_CONVERSION = YES;
				CLANG_WARN_CONSTANT_CONVERSION = YES;
				CLANG_WARN_DIRECT_OBJC_ISA_USAGE = YES_ERROR;
				CLANG_WARN_EMPTY_BODY = YES;
				CLANG_WARN_ENUM_CONVERSION = YES;
				CLANG_WARN_INT_CONVERSION = YES;
				CLANG_WARN_OBJC_ROOT_CLASS = YES_ERROR;
				CLANG_WARN__DUPLICATE_METHOD_MATCH = YES;
				"CODE_SIGN_IDENTITY[sdk=iphoneos*]" = "iPhone Developer";
				COPY_PHASE_STRIP = YES;
				ENABLE_NS_ASSERTIONS = NO;
				GCC_C_LANGUAGE_STANDARD = gnu99;
				GCC_WARN_64_TO_32_BIT_CONVERSION = YES;
				GCC_WARN_ABOUT_RETURN_TYPE = YES_ERROR;
				GCC_WARN_UNDECLARED_SELECTOR = YES;
				GCC_WARN_UNINITIALIZED_AUTOS = YES;
				GCC_WARN_UNUSED_FUNCTION = YES;
				GCC_WARN_UNUSED_VARIABLE = YES;
				IPHONEOS_DEPLOYMENT_TARGET = 7.0;
				SDKROOT = iphoneos;
				VALIDATE_PRODUCT = YES;
			};
			name = Release;
		};
		78F0E87718AD792A0034E3A4 /* Debug */ = {
			isa = XCBuildConfiguration;
			buildSettings = {
				ASSETCATALOG_COMPILER_APPICON_NAME = AppIcon;
				ASSETCATALOG_COMPILER_LAUNCHIMAGE_NAME = LaunchImage;
				CODE_SIGN_IDENTITY = "iPhone Developer";
				"CODE_SIGN_IDENTITY[sdk=iphoneos*]" = "iPhone Developer";
				FRAMEWORK_SEARCH_PATHS = (
					"$(inherited)",
					"/Users/igor/Box\\ Sync/try1/try3",
				);
				GCC_PRECOMPILE_PREFIX_HEADER = YES;
				GCC_PREFIX_HEADER = "try3/Quesity-Prefix.pch";
				INFOPLIST_FILE = "try3/Quesity-Info.plist";
				IPHONEOS_DEPLOYMENT_TARGET = 7.0;
				OTHER_LDFLAGS = "-ObjC";
				PRODUCT_NAME = Quesity;
				PROVISIONING_PROFILE = "";
				TARGETED_DEVICE_FAMILY = 1;
				WRAPPER_EXTENSION = app;
			};
			name = Debug;
		};
		78F0E87818AD792A0034E3A4 /* Release */ = {
			isa = XCBuildConfiguration;
			buildSettings = {
				ASSETCATALOG_COMPILER_APPICON_NAME = AppIcon;
				ASSETCATALOG_COMPILER_LAUNCHIMAGE_NAME = LaunchImage;
				CODE_SIGN_IDENTITY = "iPhone Developer";
				"CODE_SIGN_IDENTITY[sdk=iphoneos*]" = "iPhone Developer";
				FRAMEWORK_SEARCH_PATHS = (
					"$(inherited)",
					"/Users/igor/Box\\ Sync/try1/try3",
				);
				GCC_PRECOMPILE_PREFIX_HEADER = YES;
				GCC_PREFIX_HEADER = "try3/Quesity-Prefix.pch";
				INFOPLIST_FILE = "try3/Quesity-Info.plist";
				IPHONEOS_DEPLOYMENT_TARGET = 7.0;
				OTHER_LDFLAGS = "-ObjC";
				PRODUCT_NAME = Quesity;
				PROVISIONING_PROFILE = "";
				TARGETED_DEVICE_FAMILY = 1;
				WRAPPER_EXTENSION = app;
			};
			name = Release;
		};
		78F0E87A18AD792A0034E3A4 /* Debug */ = {
			isa = XCBuildConfiguration;
			buildSettings = {
				BUNDLE_LOADER = "$(BUILT_PRODUCTS_DIR)/try3.app/try3";
				FRAMEWORK_SEARCH_PATHS = (
					"$(SDKROOT)/Developer/Library/Frameworks",
					"$(inherited)",
					"$(DEVELOPER_FRAMEWORKS_DIR)",
				);
				GCC_PRECOMPILE_PREFIX_HEADER = YES;
				GCC_PREFIX_HEADER = "try3/try3-Prefix.pch";
				GCC_PREPROCESSOR_DEFINITIONS = (
					"DEBUG=1",
					"$(inherited)",
				);
				INFOPLIST_FILE = "try3Tests/try3Tests-Info.plist";
				PRODUCT_NAME = QuesityTests;
				TEST_HOST = "$(BUNDLE_LOADER)";
				WRAPPER_EXTENSION = xctest;
			};
			name = Debug;
		};
		78F0E87B18AD792A0034E3A4 /* Release */ = {
			isa = XCBuildConfiguration;
			buildSettings = {
				BUNDLE_LOADER = "$(BUILT_PRODUCTS_DIR)/try3.app/try3";
				FRAMEWORK_SEARCH_PATHS = (
					"$(SDKROOT)/Developer/Library/Frameworks",
					"$(inherited)",
					"$(DEVELOPER_FRAMEWORKS_DIR)",
				);
				GCC_PRECOMPILE_PREFIX_HEADER = YES;
				GCC_PREFIX_HEADER = "try3/try3-Prefix.pch";
				INFOPLIST_FILE = "try3Tests/try3Tests-Info.plist";
				PRODUCT_NAME = QuesityTests;
				TEST_HOST = "$(BUNDLE_LOADER)";
				WRAPPER_EXTENSION = xctest;
			};
			name = Release;
		};
/* End XCBuildConfiguration section */

/* Begin XCConfigurationList section */
		78F0E83C18AD79290034E3A4 /* Build configuration list for PBXProject "Quesity" */ = {
			isa = XCConfigurationList;
			buildConfigurations = (
				78F0E87418AD792A0034E3A4 /* Debug */,
				78F0E87518AD792A0034E3A4 /* Release */,
			);
			defaultConfigurationIsVisible = 0;
			defaultConfigurationName = Release;
		};
		78F0E87618AD792A0034E3A4 /* Build configuration list for PBXNativeTarget "Quesity" */ = {
			isa = XCConfigurationList;
			buildConfigurations = (
				78F0E87718AD792A0034E3A4 /* Debug */,
				78F0E87818AD792A0034E3A4 /* Release */,
			);
			defaultConfigurationIsVisible = 0;
			defaultConfigurationName = Release;
		};
		78F0E87918AD792A0034E3A4 /* Build configuration list for PBXNativeTarget "QuesityTests" */ = {
			isa = XCConfigurationList;
			buildConfigurations = (
				78F0E87A18AD792A0034E3A4 /* Debug */,
				78F0E87B18AD792A0034E3A4 /* Release */,
			);
			defaultConfigurationIsVisible = 0;
			defaultConfigurationName = Release;
		};
/* End XCConfigurationList section */
	};
	rootObject = 78F0E83918AD79290034E3A4 /* Project object */;
}
